
Microsoft Visual Studio Solution File, Format Version 12.00
# Visual Studio Version 17
VisualStudioVersion = 17.5.33530.505
MinimumVisualStudioVersion = 10.0.40219.1
Project("{FAE04EC0-301F-11D3-BF4B-00C04F79EFBC}") = "Practica 1", "Practica 1\Practica 1.csproj", "{C97F55B5-18E5-4867-8764-98A902DDAEE3}"
EndProject
Global
	GlobalSection(SolutionConfigurationPlatforms) = preSolution
		Debug|Any CPU = Debug|Any CPU
		Release|Any CPU = Release|Any CPU
	EndGlobalSection
	GlobalSection(ProjectConfigurationPlatforms) = postSolution
		{C97F55B5-18E5-4867-8764-98A902DDAEE3}.Debug|Any CPU.ActiveCfg = Debug|Any CPU
		{C97F55B5-18E5-4867-8764-98A902DDAEE3}.Debug|Any CPU.Build.0 = Debug|Any CPU
		{C97F55B5-18E5-4867-8764-98A902DDAEE3}.Release|Any CPU.ActiveCfg = Release|Any CPU
		{C97F55B5-18E5-4867-8764-98A902DDAEE3}.Release|Any CPU.Build.0 = Release|Any CPU
	EndGlobalSection
	GlobalSection(SolutionProperties) = preSolution
		HideSolutionNode = FALSE
	EndGlobalSection
	GlobalSection(ExtensibilityGlobals) = postSolution
		SolutionGuid = {E7AF86B0-79F5-4FA3-8182-977490003752}
	EndGlobalSection
EndGlobal
